{
  "lockfile_version": "1",
  "packages": {
    "github:NixOS/nixpkgs/nixpkgs-unstable": {
      "last_modified": "2025-05-30T10:46:38Z",
      "resolved": "github:NixOS/nixpkgs/8ca7ec685bbee55d6dcb326abe23945c0806c39e?lastModified=1748601998&narHash=sha256-XbIdzeWUL6Htz3%2FEbeyY71qMxYizMUWYltWYGg6qfcI%3D"
    },
    "python311Packages.pip": {
      "resolved": "github:NixOS/nixpkgs/75a52265bda7fd25e06e3a67dee3f0354e73243c#python311Packages.pip",
      "source": "nixpkg",
      "systems": {
        "x86_64-linux": {
          "outputs": [
            {
              "name": "man",
              "path": "/nix/store/rrz4srcj5xm9ljxr6w6748j22mzxw9sj-python3.11-pip-23.2.1-man",
              "default": true
            },
            {
              "path": "/nix/store/z41lyyssxy1gza6ngn44q036k213c9gm-python3.11-pip-23.2.1",
              "default": true
            }
          ]
        }
      }
    },
    "python@3.11": {
      "last_modified": "2024-12-23T21:10:33Z",
      "plugin_version": "0.0.4",
      "resolved": "github:NixOS/nixpkgs/de1864217bfa9b5845f465e771e0ecb48b30e02d#python311",
      "source": "devbox-search",
      "version": "3.11.11",
      "systems": {
        "aarch64-darwin": {
          "outputs": [
            {
              "name": "out",
              "path": "/nix/store/6jhamnhxwqbvy5z1c26mg5klsxcl3b7c-python3-3.11.11",
              "default": true
            }
          ],
          "store_path": "/nix/store/6jhamnhxwqbvy5z1c26mg5klsxcl3b7c-python3-3.11.11"
        },
        "aarch64-linux": {
          "outputs": [
            {
              "name": "out",
              "path": "/nix/store/cljp9nclqkbk08n6i1yk7ii4vv96pl68-python3-3.11.11",
              "default": true
            },
            {
              "name": "debug",
              "path": "/nix/store/agrm1zncgwaj0pvjaq9wyqq37lxpsx99-python3-3.11.11-debug"
            }
          ],
          "store_path": "/nix/store/cljp9nclqkbk08n6i1yk7ii4vv96pl68-python3-3.11.11"
        },
        "x86_64-darwin": {
          "outputs": [
            {
              "name": "out",
              "path": "/nix/store/hkg39maay6a494ida8h0vmvvpxbppcfp-python3-3.11.11",
              "default": true
            }
          ],
          "store_path": "/nix/store/hkg39maay6a494ida8h0vmvvpxbppcfp-python3-3.11.11"
        },
        "x86_64-linux": {
          "outputs": [
            {
              "name": "out",
              "path": "/nix/store/0flj08i381bfdfbrly8sk6vs36lfrhnb-python3-3.11.11",
              "default": true
            },
            {
              "name": "debug",
              "path": "/nix/store/ry5cfr4j2n7rx1wnyrilvyzd5rksdmnq-python3-3.11.11-debug"
            }
          ],
          "store_path": "/nix/store/0flj08i381bfdfbrly8sk6vs36lfrhnb-python3-3.11.11"
        }
      }
    },
    "uv@latest": {
      "last_modified": "2025-05-24T21:46:02Z",
      "resolved": "github:NixOS/nixpkgs/edb3633f9100d9277d1c9af245a4e9337a980c07#uv",
      "source": "devbox-search",
      "version": "0.7.8",
      "systems": {
        "aarch64-darwin": {
          "outputs": [
            {
              "name": "out",
              "path": "/nix/store/14fx9ajm7isc8rkr4jgf98pm9y1nmv2v-uv-0.7.8",
              "default": true
            }
          ],
          "store_path": "/nix/store/14fx9ajm7isc8rkr4jgf98pm9y1nmv2v-uv-0.7.8"
        },
        "aarch64-linux": {
          "outputs": [
            {
              "name": "out",
              "path": "/nix/store/qqwziiwldw73d4cj82pc9gi1zc594m89-uv-0.7.8",
              "default": true
            }
          ],
          "store_path": "/nix/store/qqwziiwldw73d4cj82pc9gi1zc594m89-uv-0.7.8"
        },
        "x86_64-darwin": {
          "outputs": [
            {
              "name": "out",
              "path": "/nix/store/1bwfrca14w02rzq8bl72xffn9vsdshnm-uv-0.7.8",
              "default": true
            }
          ],
          "store_path": "/nix/store/1bwfrca14w02rzq8bl72xffn9vsdshnm-uv-0.7.8"
        },
        "x86_64-linux": {
          "outputs": [
            {
              "name": "out",
              "path": "/nix/store/7nmrwl4kz78cjgwykrngkj68sx3ry79i-uv-0.7.8",
              "default": true
            }
          ],
          "store_path": "/nix/store/7nmrwl4kz78cjgwykrngkj68sx3ry79i-uv-0.7.8"
        }
      }
    }
  }
}
