{
  "lockfile_version": "1",
  "packages": {
    "python311Packages.pip": {
      "resolved": "github:NixOS/nixpkgs/75a52265bda7fd25e06e3a67dee3f0354e73243c#python311Packages.pip",
      "source": "nixpkg",
      "systems": {
        "x86_64-linux": {
          "outputs": [
            {
              "name": "man",
              "path": "/nix/store/rrz4srcj5xm9ljxr6w6748j22mzxw9sj-python3.11-pip-23.2.1-man",
              "default": true
            },
            {
              "path": "/nix/store/z41lyyssxy1gza6ngn44q036k213c9gm-python3.11-pip-23.2.1",
              "default": true
            }
          ]
        }
      }
    },
    "python@3.11": {
      "last_modified": "2024-12-23T21:10:33Z",
      "plugin_version": "0.0.4",
      "resolved": "github:NixOS/nixpkgs/de1864217bfa9b5845f465e771e0ecb48b30e02d#python311",
      "source": "devbox-search",
      "version": "3.11.11",
      "systems": {
        "aarch64-darwin": {
          "outputs": [
            {
              "name": "out",
              "path": "/nix/store/6jhamnhxwqbvy5z1c26mg5klsxcl3b7c-python3-3.11.11",
              "default": true
            }
          ],
          "store_path": "/nix/store/6jhamnhxwqbvy5z1c26mg5klsxcl3b7c-python3-3.11.11"
        },
        "aarch64-linux": {
          "outputs": [
            {
              "name": "out",
              "path": "/nix/store/cljp9nclqkbk08n6i1yk7ii4vv96pl68-python3-3.11.11",
              "default": true
            },
            {
              "name": "debug",
              "path": "/nix/store/agrm1zncgwaj0pvjaq9wyqq37lxpsx99-python3-3.11.11-debug"
            }
          ],
          "store_path": "/nix/store/cljp9nclqkbk08n6i1yk7ii4vv96pl68-python3-3.11.11"
        },
        "x86_64-darwin": {
          "outputs": [
            {
              "name": "out",
              "path": "/nix/store/hkg39maay6a494ida8h0vmvvpxbppcfp-python3-3.11.11",
              "default": true
            }
          ],
          "store_path": "/nix/store/hkg39maay6a494ida8h0vmvvpxbppcfp-python3-3.11.11"
        },
        "x86_64-linux": {
          "outputs": [
            {
              "name": "out",
              "path": "/nix/store/0flj08i381bfdfbrly8sk6vs36lfrhnb-python3-3.11.11",
              "default": true
            },
            {
              "name": "debug",
              "path": "/nix/store/ry5cfr4j2n7rx1wnyrilvyzd5rksdmnq-python3-3.11.11-debug"
            }
          ],
          "store_path": "/nix/store/0flj08i381bfdfbrly8sk6vs36lfrhnb-python3-3.11.11"
        }
      }
    }
  }
}
